
Microsoft Visual Studio Solution File, Format Version 12.00
# Visual Studio Version 16
VisualStudioVersion = 16.0.810.19
MinimumVisualStudioVersion = 10.0.40219.1
Project("{FAE04EC0-301F-11D3-BF4B-00C04F79EFBC}") = "School-Management-System", "School-Management-System.csproj", "{8BA5DD4B-1F3E-48AC-8C62-F78108FDD089}"
EndProject
Global
	GlobalSection(SolutionConfigurationPlatforms) = preSolution
		Debug|Any CPU = Debug|Any CPU
		Release|Any CPU = Release|Any CPU
	EndGlobalSection
	GlobalSection(ProjectConfigurationPlatforms) = postSolution
		{8BA5DD4B-1F3E-48AC-8C62-F78108FDD089}.Debug|Any CPU.ActiveCfg = Debug|Any CPU
		{8BA5DD4B-1F3E-48AC-8C62-F78108FDD089}.Debug|Any CPU.Build.0 = Debug|Any CPU
		{8BA5DD4B-1F3E-48AC-8C62-F78108FDD089}.Release|Any CPU.ActiveCfg = Release|Any CPU
		{8BA5DD4B-1F3E-48AC-8C62-F78108FDD089}.Release|Any CPU.Build.0 = Release|Any CPU
	EndGlobalSection
	GlobalSection(SolutionProperties) = preSolution
		HideSolutionNode = FALSE
	EndGlobalSection
	GlobalSection(ExtensibilityGlobals) = postSolution
		SolutionGuid = {D84A42A4-8CF9-4509-B47E-2CBF835D5A3E}
	EndGlobalSection
EndGlobal
